
Microsoft Visual Studio Solution File, Format Version 12.00
# Visual Studio Version 17
VisualStudioVersion = 17.7.34031.279
MinimumVisualStudioVersion = 10.0.40219.1
Project("{9A19103F-16F7-4668-BE54-9A1E7A4F7556}") = "JoreNoe", "JoreNoe\JoreNoe.csproj", "{3D3C2239-E5A0-41E5-AA21-768B4EDFC43B}"
EndProject
Project("{9A19103F-16F7-4668-BE54-9A1E7A4F7556}") = "ConsoleApp1", "ConsoleApp1\ConsoleApp1.csproj", "{FCAFEABB-740E-44D2-B163-0FDDBE5FD845}"
EndProject
Project("{9A19103F-16F7-4668-BE54-9A1E7A4F7556}") = "TestNET6Project", "TestNET6Project\TestNET6Project.csproj", "{C16ADE38-B726-4230-A327-1886FE915045}"
EndProject
Project("{9A19103F-16F7-4668-BE54-9A1E7A4F7556}") = "ConsoleApp4", "ConsoleApp4\ConsoleApp4.csproj", "{3665799B-A32B-4104-8914-AB38A0424A80}"
EndProject
Project("{9A19103F-16F7-4668-BE54-9A1E7A4F7556}") = "ConsoleApp5", "ConsoleApp5\ConsoleApp5.csproj", "{F2D4FE7C-4BE6-4FCD-9341-66C3AEBD95DB}"
EndProject
Project("{9A19103F-16F7-4668-BE54-9A1E7A4F7556}") = "ConsoleApp6", "ConsoleApp6\ConsoleApp6.csproj", "{164D2771-4D98-463A-93A5-68F255A55A30}"
EndProject
Project("{FAE04EC0-301F-11D3-BF4B-00C04F79EFBC}") = "ConsoleApp7", "ConsoleApp7\ConsoleApp7.csproj", "{82A9C5E0-9302-41A7-8A05-B5FDB1647964}"
EndProject
Global
	GlobalSection(SolutionConfigurationPlatforms) = preSolution
		Debug|Any CPU = Debug|Any CPU
		Debug|ARM32 = Debug|ARM32
		Debug|ARM64 = Debug|ARM64
		Debug|x64 = Debug|x64
		Debug|x86 = Debug|x86
		Release|Any CPU = Release|Any CPU
		Release|ARM32 = Release|ARM32
		Release|ARM64 = Release|ARM64
		Release|x64 = Release|x64
		Release|x86 = Release|x86
	EndGlobalSection
	GlobalSection(ProjectConfigurationPlatforms) = postSolution
		{3D3C2239-E5A0-41E5-AA21-768B4EDFC43B}.Debug|Any CPU.ActiveCfg = Debug|Any CPU
		{3D3C2239-E5A0-41E5-AA21-768B4EDFC43B}.Debug|Any CPU.Build.0 = Debug|Any CPU
		{3D3C2239-E5A0-41E5-AA21-768B4EDFC43B}.Debug|ARM32.ActiveCfg = Debug|ARM32
		{3D3C2239-E5A0-41E5-AA21-768B4EDFC43B}.Debug|ARM32.Build.0 = Debug|ARM32
		{3D3C2239-E5A0-41E5-AA21-768B4EDFC43B}.Debug|ARM64.ActiveCfg = Debug|ARM64
		{3D3C2239-E5A0-41E5-AA21-768B4EDFC43B}.Debug|ARM64.Build.0 = Debug|ARM64
		{3D3C2239-E5A0-41E5-AA21-768B4EDFC43B}.Debug|x64.ActiveCfg = Debug|x64
		{3D3C2239-E5A0-41E5-AA21-768B4EDFC43B}.Debug|x64.Build.0 = Debug|x64
		{3D3C2239-E5A0-41E5-AA21-768B4EDFC43B}.Debug|x86.ActiveCfg = Debug|x86
		{3D3C2239-E5A0-41E5-AA21-768B4EDFC43B}.Debug|x86.Build.0 = Debug|x86
		{3D3C2239-E5A0-41E5-AA21-768B4EDFC43B}.Release|Any CPU.ActiveCfg = Release|Any CPU
		{3D3C2239-E5A0-41E5-AA21-768B4EDFC43B}.Release|Any CPU.Build.0 = Release|Any CPU
		{3D3C2239-E5A0-41E5-AA21-768B4EDFC43B}.Release|ARM32.ActiveCfg = Release|ARM32
		{3D3C2239-E5A0-41E5-AA21-768B4EDFC43B}.Release|ARM32.Build.0 = Release|ARM32
		{3D3C2239-E5A0-41E5-AA21-768B4EDFC43B}.Release|ARM64.ActiveCfg = Release|ARM64
		{3D3C2239-E5A0-41E5-AA21-768B4EDFC43B}.Release|ARM64.Build.0 = Release|ARM64
		{3D3C2239-E5A0-41E5-AA21-768B4EDFC43B}.Release|x64.ActiveCfg = Release|x64
		{3D3C2239-E5A0-41E5-AA21-768B4EDFC43B}.Release|x64.Build.0 = Release|x64
		{3D3C2239-E5A0-41E5-AA21-768B4EDFC43B}.Release|x86.ActiveCfg = Release|x86
		{3D3C2239-E5A0-41E5-AA21-768B4EDFC43B}.Release|x86.Build.0 = Release|x86
		{FCAFEABB-740E-44D2-B163-0FDDBE5FD845}.Debug|Any CPU.ActiveCfg = Debug|Any CPU
		{FCAFEABB-740E-44D2-B163-0FDDBE5FD845}.Debug|Any CPU.Build.0 = Debug|Any CPU
		{FCAFEABB-740E-44D2-B163-0FDDBE5FD845}.Debug|ARM32.ActiveCfg = Debug|Any CPU
		{FCAFEABB-740E-44D2-B163-0FDDBE5FD845}.Debug|ARM32.Build.0 = Debug|Any CPU
		{FCAFEABB-740E-44D2-B163-0FDDBE5FD845}.Debug|ARM64.ActiveCfg = Debug|Any CPU
		{FCAFEABB-740E-44D2-B163-0FDDBE5FD845}.Debug|ARM64.Build.0 = Debug|Any CPU
		{FCAFEABB-740E-44D2-B163-0FDDBE5FD845}.Debug|x64.ActiveCfg = Debug|Any CPU
		{FCAFEABB-740E-44D2-B163-0FDDBE5FD845}.Debug|x64.Build.0 = Debug|Any CPU
		{FCAFEABB-740E-44D2-B163-0FDDBE5FD845}.Debug|x86.ActiveCfg = Debug|Any CPU
		{FCAFEABB-740E-44D2-B163-0FDDBE5FD845}.Debug|x86.Build.0 = Debug|Any CPU
		{FCAFEABB-740E-44D2-B163-0FDDBE5FD845}.Release|Any CPU.ActiveCfg = Release|Any CPU
		{FCAFEABB-740E-44D2-B163-0FDDBE5FD845}.Release|Any CPU.Build.0 = Release|Any CPU
		{FCAFEABB-740E-44D2-B163-0FDDBE5FD845}.Release|ARM32.ActiveCfg = Release|Any CPU
		{FCAFEABB-740E-44D2-B163-0FDDBE5FD845}.Release|ARM32.Build.0 = Release|Any CPU
		{FCAFEABB-740E-44D2-B163-0FDDBE5FD845}.Release|ARM64.ActiveCfg = Release|Any CPU
		{FCAFEABB-740E-44D2-B163-0FDDBE5FD845}.Release|ARM64.Build.0 = Release|Any CPU
		{FCAFEABB-740E-44D2-B163-0FDDBE5FD845}.Release|x64.ActiveCfg = Release|Any CPU
		{FCAFEABB-740E-44D2-B163-0FDDBE5FD845}.Release|x64.Build.0 = Release|Any CPU
		{FCAFEABB-740E-44D2-B163-0FDDBE5FD845}.Release|x86.ActiveCfg = Release|Any CPU
		{FCAFEABB-740E-44D2-B163-0FDDBE5FD845}.Release|x86.Build.0 = Release|Any CPU
		{C16ADE38-B726-4230-A327-1886FE915045}.Debug|Any CPU.ActiveCfg = Debug|Any CPU
		{C16ADE38-B726-4230-A327-1886FE915045}.Debug|Any CPU.Build.0 = Debug|Any CPU
		{C16ADE38-B726-4230-A327-1886FE915045}.Debug|ARM32.ActiveCfg = Debug|Any CPU
		{C16ADE38-B726-4230-A327-1886FE915045}.Debug|ARM32.Build.0 = Debug|Any CPU
		{C16ADE38-B726-4230-A327-1886FE915045}.Debug|ARM64.ActiveCfg = Debug|Any CPU
		{C16ADE38-B726-4230-A327-1886FE915045}.Debug|ARM64.Build.0 = Debug|Any CPU
		{C16ADE38-B726-4230-A327-1886FE915045}.Debug|x64.ActiveCfg = Debug|Any CPU
		{C16ADE38-B726-4230-A327-1886FE915045}.Debug|x64.Build.0 = Debug|Any CPU
		{C16ADE38-B726-4230-A327-1886FE915045}.Debug|x86.ActiveCfg = Debug|Any CPU
		{C16ADE38-B726-4230-A327-1886FE915045}.Debug|x86.Build.0 = Debug|Any CPU
		{C16ADE38-B726-4230-A327-1886FE915045}.Release|Any CPU.ActiveCfg = Release|Any CPU
		{C16ADE38-B726-4230-A327-1886FE915045}.Release|Any CPU.Build.0 = Release|Any CPU
		{C16ADE38-B726-4230-A327-1886FE915045}.Release|ARM32.ActiveCfg = Release|Any CPU
		{C16ADE38-B726-4230-A327-1886FE915045}.Release|ARM32.Build.0 = Release|Any CPU
		{C16ADE38-B726-4230-A327-1886FE915045}.Release|ARM64.ActiveCfg = Release|Any CPU
		{C16ADE38-B726-4230-A327-1886FE915045}.Release|ARM64.Build.0 = Release|Any CPU
		{C16ADE38-B726-4230-A327-1886FE915045}.Release|x64.ActiveCfg = Release|Any CPU
		{C16ADE38-B726-4230-A327-1886FE915045}.Release|x64.Build.0 = Release|Any CPU
		{C16ADE38-B726-4230-A327-1886FE915045}.Release|x86.ActiveCfg = Release|Any CPU
		{C16ADE38-B726-4230-A327-1886FE915045}.Release|x86.Build.0 = Release|Any CPU
		{3665799B-A32B-4104-8914-AB38A0424A80}.Debug|Any CPU.ActiveCfg = Debug|Any CPU
		{3665799B-A32B-4104-8914-AB38A0424A80}.Debug|Any CPU.Build.0 = Debug|Any CPU
		{3665799B-A32B-4104-8914-AB38A0424A80}.Debug|ARM32.ActiveCfg = Debug|Any CPU
		{3665799B-A32B-4104-8914-AB38A0424A80}.Debug|ARM32.Build.0 = Debug|Any CPU
		{3665799B-A32B-4104-8914-AB38A0424A80}.Debug|ARM64.ActiveCfg = Debug|Any CPU
		{3665799B-A32B-4104-8914-AB38A0424A80}.Debug|ARM64.Build.0 = Debug|Any CPU
		{3665799B-A32B-4104-8914-AB38A0424A80}.Debug|x64.ActiveCfg = Debug|Any CPU
		{3665799B-A32B-4104-8914-AB38A0424A80}.Debug|x64.Build.0 = Debug|Any CPU
		{3665799B-A32B-4104-8914-AB38A0424A80}.Debug|x86.ActiveCfg = Debug|Any CPU
		{3665799B-A32B-4104-8914-AB38A0424A80}.Debug|x86.Build.0 = Debug|Any CPU
		{3665799B-A32B-4104-8914-AB38A0424A80}.Release|Any CPU.ActiveCfg = Release|Any CPU
		{3665799B-A32B-4104-8914-AB38A0424A80}.Release|Any CPU.Build.0 = Release|Any CPU
		{3665799B-A32B-4104-8914-AB38A0424A80}.Release|ARM32.ActiveCfg = Release|Any CPU
		{3665799B-A32B-4104-8914-AB38A0424A80}.Release|ARM32.Build.0 = Release|Any CPU
		{3665799B-A32B-4104-8914-AB38A0424A80}.Release|ARM64.ActiveCfg = Release|Any CPU
		{3665799B-A32B-4104-8914-AB38A0424A80}.Release|ARM64.Build.0 = Release|Any CPU
		{3665799B-A32B-4104-8914-AB38A0424A80}.Release|x64.ActiveCfg = Release|Any CPU
		{3665799B-A32B-4104-8914-AB38A0424A80}.Release|x64.Build.0 = Release|Any CPU
		{3665799B-A32B-4104-8914-AB38A0424A80}.Release|x86.ActiveCfg = Release|Any CPU
		{3665799B-A32B-4104-8914-AB38A0424A80}.Release|x86.Build.0 = Release|Any CPU
		{F2D4FE7C-4BE6-4FCD-9341-66C3AEBD95DB}.Debug|Any CPU.ActiveCfg = Debug|Any CPU
		{F2D4FE7C-4BE6-4FCD-9341-66C3AEBD95DB}.Debug|Any CPU.Build.0 = Debug|Any CPU
		{F2D4FE7C-4BE6-4FCD-9341-66C3AEBD95DB}.Debug|ARM32.ActiveCfg = Debug|Any CPU
		{F2D4FE7C-4BE6-4FCD-9341-66C3AEBD95DB}.Debug|ARM32.Build.0 = Debug|Any CPU
		{F2D4FE7C-4BE6-4FCD-9341-66C3AEBD95DB}.Debug|ARM64.ActiveCfg = Debug|Any CPU
		{F2D4FE7C-4BE6-4FCD-9341-66C3AEBD95DB}.Debug|ARM64.Build.0 = Debug|Any CPU
		{F2D4FE7C-4BE6-4FCD-9341-66C3AEBD95DB}.Debug|x64.ActiveCfg = Debug|Any CPU
		{F2D4FE7C-4BE6-4FCD-9341-66C3AEBD95DB}.Debug|x64.Build.0 = Debug|Any CPU
		{F2D4FE7C-4BE6-4FCD-9341-66C3AEBD95DB}.Debug|x86.ActiveCfg = Debug|Any CPU
		{F2D4FE7C-4BE6-4FCD-9341-66C3AEBD95DB}.Debug|x86.Build.0 = Debug|Any CPU
		{F2D4FE7C-4BE6-4FCD-9341-66C3AEBD95DB}.Release|Any CPU.ActiveCfg = Release|Any CPU
		{F2D4FE7C-4BE6-4FCD-9341-66C3AEBD95DB}.Release|Any CPU.Build.0 = Release|Any CPU
		{F2D4FE7C-4BE6-4FCD-9341-66C3AEBD95DB}.Release|ARM32.ActiveCfg = Release|Any CPU
		{F2D4FE7C-4BE6-4FCD-9341-66C3AEBD95DB}.Release|ARM32.Build.0 = Release|Any CPU
		{F2D4FE7C-4BE6-4FCD-9341-66C3AEBD95DB}.Release|ARM64.ActiveCfg = Release|Any CPU
		{F2D4FE7C-4BE6-4FCD-9341-66C3AEBD95DB}.Release|ARM64.Build.0 = Release|Any CPU
		{F2D4FE7C-4BE6-4FCD-9341-66C3AEBD95DB}.Release|x64.ActiveCfg = Release|Any CPU
		{F2D4FE7C-4BE6-4FCD-9341-66C3AEBD95DB}.Release|x64.Build.0 = Release|Any CPU
		{F2D4FE7C-4BE6-4FCD-9341-66C3AEBD95DB}.Release|x86.ActiveCfg = Release|Any CPU
		{F2D4FE7C-4BE6-4FCD-9341-66C3AEBD95DB}.Release|x86.Build.0 = Release|Any CPU
		{164D2771-4D98-463A-93A5-68F255A55A30}.Debug|Any CPU.ActiveCfg = Debug|Any CPU
		{164D2771-4D98-463A-93A5-68F255A55A30}.Debug|Any CPU.Build.0 = Debug|Any CPU
		{164D2771-4D98-463A-93A5-68F255A55A30}.Debug|ARM32.ActiveCfg = Debug|Any CPU
		{164D2771-4D98-463A-93A5-68F255A55A30}.Debug|ARM32.Build.0 = Debug|Any CPU
		{164D2771-4D98-463A-93A5-68F255A55A30}.Debug|ARM64.ActiveCfg = Debug|Any CPU
		{164D2771-4D98-463A-93A5-68F255A55A30}.Debug|ARM64.Build.0 = Debug|Any CPU
		{164D2771-4D98-463A-93A5-68F255A55A30}.Debug|x64.ActiveCfg = Debug|Any CPU
		{164D2771-4D98-463A-93A5-68F255A55A30}.Debug|x64.Build.0 = Debug|Any CPU
		{164D2771-4D98-463A-93A5-68F255A55A30}.Debug|x86.ActiveCfg = Debug|Any CPU
		{164D2771-4D98-463A-93A5-68F255A55A30}.Debug|x86.Build.0 = Debug|Any CPU
		{164D2771-4D98-463A-93A5-68F255A55A30}.Release|Any CPU.ActiveCfg = Release|Any CPU
		{164D2771-4D98-463A-93A5-68F255A55A30}.Release|Any CPU.Build.0 = Release|Any CPU
		{164D2771-4D98-463A-93A5-68F255A55A30}.Release|ARM32.ActiveCfg = Release|Any CPU
		{164D2771-4D98-463A-93A5-68F255A55A30}.Release|ARM32.Build.0 = Release|Any CPU
		{164D2771-4D98-463A-93A5-68F255A55A30}.Release|ARM64.ActiveCfg = Release|Any CPU
		{164D2771-4D98-463A-93A5-68F255A55A30}.Release|ARM64.Build.0 = Release|Any CPU
		{164D2771-4D98-463A-93A5-68F255A55A30}.Release|x64.ActiveCfg = Release|Any CPU
		{164D2771-4D98-463A-93A5-68F255A55A30}.Release|x64.Build.0 = Release|Any CPU
		{164D2771-4D98-463A-93A5-68F255A55A30}.Release|x86.ActiveCfg = Release|Any CPU
		{164D2771-4D98-463A-93A5-68F255A55A30}.Release|x86.Build.0 = Release|Any CPU
		{82A9C5E0-9302-41A7-8A05-B5FDB1647964}.Debug|Any CPU.ActiveCfg = Debug|Any CPU
		{82A9C5E0-9302-41A7-8A05-B5FDB1647964}.Debug|Any CPU.Build.0 = Debug|Any CPU
		{82A9C5E0-9302-41A7-8A05-B5FDB1647964}.Debug|ARM32.ActiveCfg = Debug|Any CPU
		{82A9C5E0-9302-41A7-8A05-B5FDB1647964}.Debug|ARM32.Build.0 = Debug|Any CPU
		{82A9C5E0-9302-41A7-8A05-B5FDB1647964}.Debug|ARM64.ActiveCfg = Debug|Any CPU
		{82A9C5E0-9302-41A7-8A05-B5FDB1647964}.Debug|ARM64.Build.0 = Debug|Any CPU
		{82A9C5E0-9302-41A7-8A05-B5FDB1647964}.Debug|x64.ActiveCfg = Debug|Any CPU
		{82A9C5E0-9302-41A7-8A05-B5FDB1647964}.Debug|x64.Build.0 = Debug|Any CPU
		{82A9C5E0-9302-41A7-8A05-B5FDB1647964}.Debug|x86.ActiveCfg = Debug|Any CPU
		{82A9C5E0-9302-41A7-8A05-B5FDB1647964}.Debug|x86.Build.0 = Debug|Any CPU
		{82A9C5E0-9302-41A7-8A05-B5FDB1647964}.Release|Any CPU.ActiveCfg = Release|Any CPU
		{82A9C5E0-9302-41A7-8A05-B5FDB1647964}.Release|Any CPU.Build.0 = Release|Any CPU
		{82A9C5E0-9302-41A7-8A05-B5FDB1647964}.Release|ARM32.ActiveCfg = Release|Any CPU
		{82A9C5E0-9302-41A7-8A05-B5FDB1647964}.Release|ARM32.Build.0 = Release|Any CPU
		{82A9C5E0-9302-41A7-8A05-B5FDB1647964}.Release|ARM64.ActiveCfg = Release|Any CPU
		{82A9C5E0-9302-41A7-8A05-B5FDB1647964}.Release|ARM64.Build.0 = Release|Any CPU
		{82A9C5E0-9302-41A7-8A05-B5FDB1647964}.Release|x64.ActiveCfg = Release|Any CPU
		{82A9C5E0-9302-41A7-8A05-B5FDB1647964}.Release|x64.Build.0 = Release|Any CPU
		{82A9C5E0-9302-41A7-8A05-B5FDB1647964}.Release|x86.ActiveCfg = Release|Any CPU
		{82A9C5E0-9302-41A7-8A05-B5FDB1647964}.Release|x86.Build.0 = Release|Any CPU
	EndGlobalSection
	GlobalSection(SolutionProperties) = preSolution
		HideSolutionNode = FALSE
	EndGlobalSection
	GlobalSection(ExtensibilityGlobals) = postSolution
		SolutionGuid = {78F837FB-CCE5-4624-B483-13F96A4D29EF}
	EndGlobalSection
EndGlobal
