
Microsoft Visual Studio Solution File, Format Version 12.00
# Visual Studio Version 16
VisualStudioVersion = 16.0.31613.86
MinimumVisualStudioVersion = 10.0.40219.1
Project("{9A19103F-16F7-4668-BE54-9A1E7A4F7556}") = "JoreNoe", "JoreNoe\JoreNoe.csproj", "{3D3C2239-E5A0-41E5-AA21-768B4EDFC43B}"
EndProject
Global
	GlobalSection(SolutionConfigurationPlatforms) = preSolution
		Debug|Any CPU = Debug|Any CPU
		Debug|ARM32 = Debug|ARM32
		Debug|ARM64 = Debug|ARM64
		Debug|x64 = Debug|x64
		Debug|x86 = Debug|x86
		Release|Any CPU = Release|Any CPU
		Release|ARM32 = Release|ARM32
		Release|ARM64 = Release|ARM64
		Release|x64 = Release|x64
		Release|x86 = Release|x86
	EndGlobalSection
	GlobalSection(ProjectConfigurationPlatforms) = postSolution
		{3D3C2239-E5A0-41E5-AA21-768B4EDFC43B}.Debug|Any CPU.ActiveCfg = Debug|Any CPU
		{3D3C2239-E5A0-41E5-AA21-768B4EDFC43B}.Debug|Any CPU.Build.0 = Debug|Any CPU
		{3D3C2239-E5A0-41E5-AA21-768B4EDFC43B}.Debug|ARM32.ActiveCfg = Debug|ARM32
		{3D3C2239-E5A0-41E5-AA21-768B4EDFC43B}.Debug|ARM32.Build.0 = Debug|ARM32
		{3D3C2239-E5A0-41E5-AA21-768B4EDFC43B}.Debug|ARM64.ActiveCfg = Debug|ARM64
		{3D3C2239-E5A0-41E5-AA21-768B4EDFC43B}.Debug|ARM64.Build.0 = Debug|ARM64
		{3D3C2239-E5A0-41E5-AA21-768B4EDFC43B}.Debug|x64.ActiveCfg = Debug|x64
		{3D3C2239-E5A0-41E5-AA21-768B4EDFC43B}.Debug|x64.Build.0 = Debug|x64
		{3D3C2239-E5A0-41E5-AA21-768B4EDFC43B}.Debug|x86.ActiveCfg = Debug|x86
		{3D3C2239-E5A0-41E5-AA21-768B4EDFC43B}.Debug|x86.Build.0 = Debug|x86
		{3D3C2239-E5A0-41E5-AA21-768B4EDFC43B}.Release|Any CPU.ActiveCfg = Release|Any CPU
		{3D3C2239-E5A0-41E5-AA21-768B4EDFC43B}.Release|Any CPU.Build.0 = Release|Any CPU
		{3D3C2239-E5A0-41E5-AA21-768B4EDFC43B}.Release|ARM32.ActiveCfg = Release|ARM32
		{3D3C2239-E5A0-41E5-AA21-768B4EDFC43B}.Release|ARM32.Build.0 = Release|ARM32
		{3D3C2239-E5A0-41E5-AA21-768B4EDFC43B}.Release|ARM64.ActiveCfg = Release|ARM64
		{3D3C2239-E5A0-41E5-AA21-768B4EDFC43B}.Release|ARM64.Build.0 = Release|ARM64
		{3D3C2239-E5A0-41E5-AA21-768B4EDFC43B}.Release|x64.ActiveCfg = Release|x64
		{3D3C2239-E5A0-41E5-AA21-768B4EDFC43B}.Release|x64.Build.0 = Release|x64
		{3D3C2239-E5A0-41E5-AA21-768B4EDFC43B}.Release|x86.ActiveCfg = Release|x86
		{3D3C2239-E5A0-41E5-AA21-768B4EDFC43B}.Release|x86.Build.0 = Release|x86
	EndGlobalSection
	GlobalSection(SolutionProperties) = preSolution
		HideSolutionNode = FALSE
	EndGlobalSection
	GlobalSection(ExtensibilityGlobals) = postSolution
		SolutionGuid = {78F837FB-CCE5-4624-B483-13F96A4D29EF}
	EndGlobalSection
EndGlobal
